
Microsoft Visual Studio Solution File, Format Version 12.00
# Visual Studio Version 16
VisualStudioVersion = 16.0.30114.105
MinimumVisualStudioVersion = 10.0.40219.1
Project("{2150E333-8FDC-42A3-9474-1A3956D46DE8}") = "Observer", "Observer", "{096D89F5-863C-4AEA-B8B0-2F6DB938698E}"
EndProject
Project("{FAE04EC0-301F-11D3-BF4B-00C04F79EFBC}") = "DesignPatterns.Observer", "Observer\DesignPatterns.Observer\DesignPatterns.Observer.csproj", "{5CF66766-ECE4-47FE-B93D-6AD3E7F6E2F2}"
EndProject
Project("{FAE04EC0-301F-11D3-BF4B-00C04F79EFBC}") = "DesignPatterns.Observer.Tests", "Observer\DesignPatterns.Observer.Tests\DesignPatterns.Observer.Tests.csproj", "{A5043087-F97D-43D2-AB0B-4673ED6E9699}"
EndProject
Project("{2150E333-8FDC-42A3-9474-1A3956D46DE8}") = "Strategy", "Strategy", "{C9CDC4D3-8CB9-4BC6-B876-AE5DB7A60FDF}"
EndProject
Project("{FAE04EC0-301F-11D3-BF4B-00C04F79EFBC}") = "DesignPatterns.Strategy", "Strategy\DesignPatterns.Strategy\DesignPatterns.Strategy.csproj", "{999E1763-E24E-42F9-AD35-64C0A14B3F5E}"
EndProject
Project("{FAE04EC0-301F-11D3-BF4B-00C04F79EFBC}") = "DesignPatterns.Strategy.Tests", "Strategy\DesignPatterns.Strategy.Tests\DesignPatterns.Strategy.Tests.csproj", "{FDB9D6C9-C028-4DEC-A6B0-E563C7CF3CF7}"
EndProject
Project("{2150E333-8FDC-42A3-9474-1A3956D46DE8}") = "Repository", "Repository", "{112E0870-8A36-4802-AB96-F50CF71C3514}"
EndProject
Project("{FAE04EC0-301F-11D3-BF4B-00C04F79EFBC}") = "DesignPatterns.Repository", "Repository\DesignPatterns.Repository\DesignPatterns.Repository.csproj", "{10B30532-63A8-46FE-A770-4C3C527905C4}"
EndProject
Project("{FAE04EC0-301F-11D3-BF4B-00C04F79EFBC}") = "DesignPatterns.Repository.Tests", "Repository\DesignPatterns.Repository.Tests\DesignPatterns.Repository.Tests.csproj", "{AF271363-23E4-4714-BB03-42ADD187A5BE}"
EndProject
Global
	GlobalSection(SolutionConfigurationPlatforms) = preSolution
		Debug|Any CPU = Debug|Any CPU
		Debug|x64 = Debug|x64
		Debug|x86 = Debug|x86
		Release|Any CPU = Release|Any CPU
		Release|x64 = Release|x64
		Release|x86 = Release|x86
	EndGlobalSection
	GlobalSection(SolutionProperties) = preSolution
		HideSolutionNode = FALSE
	EndGlobalSection
	GlobalSection(ProjectConfigurationPlatforms) = postSolution
		{5CF66766-ECE4-47FE-B93D-6AD3E7F6E2F2}.Debug|Any CPU.ActiveCfg = Debug|Any CPU
		{5CF66766-ECE4-47FE-B93D-6AD3E7F6E2F2}.Debug|Any CPU.Build.0 = Debug|Any CPU
		{5CF66766-ECE4-47FE-B93D-6AD3E7F6E2F2}.Debug|x64.ActiveCfg = Debug|Any CPU
		{5CF66766-ECE4-47FE-B93D-6AD3E7F6E2F2}.Debug|x64.Build.0 = Debug|Any CPU
		{5CF66766-ECE4-47FE-B93D-6AD3E7F6E2F2}.Debug|x86.ActiveCfg = Debug|Any CPU
		{5CF66766-ECE4-47FE-B93D-6AD3E7F6E2F2}.Debug|x86.Build.0 = Debug|Any CPU
		{5CF66766-ECE4-47FE-B93D-6AD3E7F6E2F2}.Release|Any CPU.ActiveCfg = Release|Any CPU
		{5CF66766-ECE4-47FE-B93D-6AD3E7F6E2F2}.Release|Any CPU.Build.0 = Release|Any CPU
		{5CF66766-ECE4-47FE-B93D-6AD3E7F6E2F2}.Release|x64.ActiveCfg = Release|Any CPU
		{5CF66766-ECE4-47FE-B93D-6AD3E7F6E2F2}.Release|x64.Build.0 = Release|Any CPU
		{5CF66766-ECE4-47FE-B93D-6AD3E7F6E2F2}.Release|x86.ActiveCfg = Release|Any CPU
		{5CF66766-ECE4-47FE-B93D-6AD3E7F6E2F2}.Release|x86.Build.0 = Release|Any CPU
		{A5043087-F97D-43D2-AB0B-4673ED6E9699}.Debug|Any CPU.ActiveCfg = Debug|Any CPU
		{A5043087-F97D-43D2-AB0B-4673ED6E9699}.Debug|Any CPU.Build.0 = Debug|Any CPU
		{A5043087-F97D-43D2-AB0B-4673ED6E9699}.Debug|x64.ActiveCfg = Debug|Any CPU
		{A5043087-F97D-43D2-AB0B-4673ED6E9699}.Debug|x64.Build.0 = Debug|Any CPU
		{A5043087-F97D-43D2-AB0B-4673ED6E9699}.Debug|x86.ActiveCfg = Debug|Any CPU
		{A5043087-F97D-43D2-AB0B-4673ED6E9699}.Debug|x86.Build.0 = Debug|Any CPU
		{A5043087-F97D-43D2-AB0B-4673ED6E9699}.Release|Any CPU.ActiveCfg = Release|Any CPU
		{A5043087-F97D-43D2-AB0B-4673ED6E9699}.Release|Any CPU.Build.0 = Release|Any CPU
		{A5043087-F97D-43D2-AB0B-4673ED6E9699}.Release|x64.ActiveCfg = Release|Any CPU
		{A5043087-F97D-43D2-AB0B-4673ED6E9699}.Release|x64.Build.0 = Release|Any CPU
		{A5043087-F97D-43D2-AB0B-4673ED6E9699}.Release|x86.ActiveCfg = Release|Any CPU
		{A5043087-F97D-43D2-AB0B-4673ED6E9699}.Release|x86.Build.0 = Release|Any CPU
		{999E1763-E24E-42F9-AD35-64C0A14B3F5E}.Debug|Any CPU.ActiveCfg = Debug|Any CPU
		{999E1763-E24E-42F9-AD35-64C0A14B3F5E}.Debug|Any CPU.Build.0 = Debug|Any CPU
		{999E1763-E24E-42F9-AD35-64C0A14B3F5E}.Debug|x64.ActiveCfg = Debug|Any CPU
		{999E1763-E24E-42F9-AD35-64C0A14B3F5E}.Debug|x64.Build.0 = Debug|Any CPU
		{999E1763-E24E-42F9-AD35-64C0A14B3F5E}.Debug|x86.ActiveCfg = Debug|Any CPU
		{999E1763-E24E-42F9-AD35-64C0A14B3F5E}.Debug|x86.Build.0 = Debug|Any CPU
		{999E1763-E24E-42F9-AD35-64C0A14B3F5E}.Release|Any CPU.ActiveCfg = Release|Any CPU
		{999E1763-E24E-42F9-AD35-64C0A14B3F5E}.Release|Any CPU.Build.0 = Release|Any CPU
		{999E1763-E24E-42F9-AD35-64C0A14B3F5E}.Release|x64.ActiveCfg = Release|Any CPU
		{999E1763-E24E-42F9-AD35-64C0A14B3F5E}.Release|x64.Build.0 = Release|Any CPU
		{999E1763-E24E-42F9-AD35-64C0A14B3F5E}.Release|x86.ActiveCfg = Release|Any CPU
		{999E1763-E24E-42F9-AD35-64C0A14B3F5E}.Release|x86.Build.0 = Release|Any CPU
		{FDB9D6C9-C028-4DEC-A6B0-E563C7CF3CF7}.Debug|Any CPU.ActiveCfg = Debug|Any CPU
		{FDB9D6C9-C028-4DEC-A6B0-E563C7CF3CF7}.Debug|Any CPU.Build.0 = Debug|Any CPU
		{FDB9D6C9-C028-4DEC-A6B0-E563C7CF3CF7}.Debug|x64.ActiveCfg = Debug|Any CPU
		{FDB9D6C9-C028-4DEC-A6B0-E563C7CF3CF7}.Debug|x64.Build.0 = Debug|Any CPU
		{FDB9D6C9-C028-4DEC-A6B0-E563C7CF3CF7}.Debug|x86.ActiveCfg = Debug|Any CPU
		{FDB9D6C9-C028-4DEC-A6B0-E563C7CF3CF7}.Debug|x86.Build.0 = Debug|Any CPU
		{FDB9D6C9-C028-4DEC-A6B0-E563C7CF3CF7}.Release|Any CPU.ActiveCfg = Release|Any CPU
		{FDB9D6C9-C028-4DEC-A6B0-E563C7CF3CF7}.Release|Any CPU.Build.0 = Release|Any CPU
		{FDB9D6C9-C028-4DEC-A6B0-E563C7CF3CF7}.Release|x64.ActiveCfg = Release|Any CPU
		{FDB9D6C9-C028-4DEC-A6B0-E563C7CF3CF7}.Release|x64.Build.0 = Release|Any CPU
		{FDB9D6C9-C028-4DEC-A6B0-E563C7CF3CF7}.Release|x86.ActiveCfg = Release|Any CPU
		{FDB9D6C9-C028-4DEC-A6B0-E563C7CF3CF7}.Release|x86.Build.0 = Release|Any CPU
		{10B30532-63A8-46FE-A770-4C3C527905C4}.Debug|Any CPU.ActiveCfg = Debug|Any CPU
		{10B30532-63A8-46FE-A770-4C3C527905C4}.Debug|Any CPU.Build.0 = Debug|Any CPU
		{10B30532-63A8-46FE-A770-4C3C527905C4}.Debug|x64.ActiveCfg = Debug|Any CPU
		{10B30532-63A8-46FE-A770-4C3C527905C4}.Debug|x64.Build.0 = Debug|Any CPU
		{10B30532-63A8-46FE-A770-4C3C527905C4}.Debug|x86.ActiveCfg = Debug|Any CPU
		{10B30532-63A8-46FE-A770-4C3C527905C4}.Debug|x86.Build.0 = Debug|Any CPU
		{10B30532-63A8-46FE-A770-4C3C527905C4}.Release|Any CPU.ActiveCfg = Release|Any CPU
		{10B30532-63A8-46FE-A770-4C3C527905C4}.Release|Any CPU.Build.0 = Release|Any CPU
		{10B30532-63A8-46FE-A770-4C3C527905C4}.Release|x64.ActiveCfg = Release|Any CPU
		{10B30532-63A8-46FE-A770-4C3C527905C4}.Release|x64.Build.0 = Release|Any CPU
		{10B30532-63A8-46FE-A770-4C3C527905C4}.Release|x86.ActiveCfg = Release|Any CPU
		{10B30532-63A8-46FE-A770-4C3C527905C4}.Release|x86.Build.0 = Release|Any CPU
		{AF271363-23E4-4714-BB03-42ADD187A5BE}.Debug|Any CPU.ActiveCfg = Debug|Any CPU
		{AF271363-23E4-4714-BB03-42ADD187A5BE}.Debug|Any CPU.Build.0 = Debug|Any CPU
		{AF271363-23E4-4714-BB03-42ADD187A5BE}.Debug|x64.ActiveCfg = Debug|Any CPU
		{AF271363-23E4-4714-BB03-42ADD187A5BE}.Debug|x64.Build.0 = Debug|Any CPU
		{AF271363-23E4-4714-BB03-42ADD187A5BE}.Debug|x86.ActiveCfg = Debug|Any CPU
		{AF271363-23E4-4714-BB03-42ADD187A5BE}.Debug|x86.Build.0 = Debug|Any CPU
		{AF271363-23E4-4714-BB03-42ADD187A5BE}.Release|Any CPU.ActiveCfg = Release|Any CPU
		{AF271363-23E4-4714-BB03-42ADD187A5BE}.Release|Any CPU.Build.0 = Release|Any CPU
		{AF271363-23E4-4714-BB03-42ADD187A5BE}.Release|x64.ActiveCfg = Release|Any CPU
		{AF271363-23E4-4714-BB03-42ADD187A5BE}.Release|x64.Build.0 = Release|Any CPU
		{AF271363-23E4-4714-BB03-42ADD187A5BE}.Release|x86.ActiveCfg = Release|Any CPU
		{AF271363-23E4-4714-BB03-42ADD187A5BE}.Release|x86.Build.0 = Release|Any CPU
	EndGlobalSection
	GlobalSection(NestedProjects) = preSolution
		{5CF66766-ECE4-47FE-B93D-6AD3E7F6E2F2} = {096D89F5-863C-4AEA-B8B0-2F6DB938698E}
		{A5043087-F97D-43D2-AB0B-4673ED6E9699} = {096D89F5-863C-4AEA-B8B0-2F6DB938698E}
		{999E1763-E24E-42F9-AD35-64C0A14B3F5E} = {C9CDC4D3-8CB9-4BC6-B876-AE5DB7A60FDF}
		{FDB9D6C9-C028-4DEC-A6B0-E563C7CF3CF7} = {C9CDC4D3-8CB9-4BC6-B876-AE5DB7A60FDF}
		{10B30532-63A8-46FE-A770-4C3C527905C4} = {112E0870-8A36-4802-AB96-F50CF71C3514}
		{AF271363-23E4-4714-BB03-42ADD187A5BE} = {112E0870-8A36-4802-AB96-F50CF71C3514}
	EndGlobalSection
EndGlobal
